
Microsoft Visual Studio Solution File, Format Version 12.00
# Visual Studio Version 17
VisualStudioVersion = 17.14.37111.16 d17.14
MinimumVisualStudioVersion = 10.0.40219.1
Project("{FAE04EC0-301F-11D3-BF4B-00C04F79EFBC}") = "Exercicio03", "Exercicio03.csproj", "{FBBB19E5-77F2-4686-81CE-7F961B837AB6}"
EndProject
Global
	GlobalSection(SolutionConfigurationPlatforms) = preSolution
		Debug|Any CPU = Debug|Any CPU
		Release|Any CPU = Release|Any CPU
	EndGlobalSection
	GlobalSection(ProjectConfigurationPlatforms) = postSolution
		{FBBB19E5-77F2-4686-81CE-7F961B837AB6}.Debug|Any CPU.ActiveCfg = Debug|Any CPU
		{FBBB19E5-77F2-4686-81CE-7F961B837AB6}.Debug|Any CPU.Build.0 = Debug|Any CPU
		{FBBB19E5-77F2-4686-81CE-7F961B837AB6}.Release|Any CPU.ActiveCfg = Release|Any CPU
		{FBBB19E5-77F2-4686-81CE-7F961B837AB6}.Release|Any CPU.Build.0 = Release|Any CPU
	EndGlobalSection
	GlobalSection(SolutionProperties) = preSolution
		HideSolutionNode = FALSE
	EndGlobalSection
	GlobalSection(ExtensibilityGlobals) = postSolution
		SolutionGuid = {4DB0EF24-DA41-4628-904D-C4C1D61B5FE3}
	EndGlobalSection
EndGlobal
